
Microsoft Visual Studio Solution File, Format Version 12.00
# Visual Studio Version 17
VisualStudioVersion = 17.6.33723.286
MinimumVisualStudioVersion = 10.0.40219.1
Project("{FAE04EC0-301F-11D3-BF4B-00C04F79EFBC}") = "DamSync.Terminal", "DamSync.Terminal\DamSync.Terminal.csproj", "{57141C96-BF30-49FC-8A50-E6E33A04B0CA}"
EndProject
Global
	GlobalSection(SolutionConfigurationPlatforms) = preSolution
		Debug|Any CPU = Debug|Any CPU
		Release|Any CPU = Release|Any CPU
	EndGlobalSection
	GlobalSection(ProjectConfigurationPlatforms) = postSolution
		{57141C96-BF30-49FC-8A50-E6E33A04B0CA}.Debug|Any CPU.ActiveCfg = Debug|Any CPU
		{57141C96-BF30-49FC-8A50-E6E33A04B0CA}.Debug|Any CPU.Build.0 = Debug|Any CPU
		{57141C96-BF30-49FC-8A50-E6E33A04B0CA}.Release|Any CPU.ActiveCfg = Release|Any CPU
		{57141C96-BF30-49FC-8A50-E6E33A04B0CA}.Release|Any CPU.Build.0 = Release|Any CPU
	EndGlobalSection
	GlobalSection(SolutionProperties) = preSolution
		HideSolutionNode = FALSE
	EndGlobalSection
	GlobalSection(ExtensibilityGlobals) = postSolution
		SolutionGuid = {6131BD9A-7DAC-49EB-8B82-4F1E35F3DF7C}
	EndGlobalSection
EndGlobal
